{
  "name": "pocHotdog",
  "version": "0.0.1",
  "lockfileVersion": 1,
  "requires": true,
  "dependencies": {
    "react-native-core-ml-image": {
      "version": "0.0.6",
      "resolved": "https://registry.npmjs.org/react-native-core-ml-image/-/react-native-core-ml-image-0.0.6.tgz",
      "integrity": "sha1-fjnN0FQZnPD1hhZsU3UWMhyWPkk="
    }
  }
}
